
Microsoft Visual Studio Solution File, Format Version 12.00
# Visual Studio 15
VisualStudioVersion = 15.0.28307.902
MinimumVisualStudioVersion = 10.0.40219.1
Project("{CC5FD16D-436D-48AD-A40C-5A424C6E3E79}") = "AzureBLOB", "AzureBLOB\AzureBLOB.ccproj", "{EA166F0D-3630-48D8-98B3-D6FE01E7C75B}"
EndProject
Project("{FAE04EC0-301F-11D3-BF4B-00C04F79EFBC}") = "WCFServiceWebRole1", "WCFServiceWebRole1\WCFServiceWebRole1.csproj", "{86FDFBED-D5D7-46D3-8C35-B86E8147BB6B}"
EndProject
Global
	GlobalSection(SolutionConfigurationPlatforms) = preSolution
		Debug|Any CPU = Debug|Any CPU
		Release|Any CPU = Release|Any CPU
	EndGlobalSection
	GlobalSection(ProjectConfigurationPlatforms) = postSolution
		{EA166F0D-3630-48D8-98B3-D6FE01E7C75B}.Debug|Any CPU.ActiveCfg = Debug|Any CPU
		{EA166F0D-3630-48D8-98B3-D6FE01E7C75B}.Debug|Any CPU.Build.0 = Debug|Any CPU
		{EA166F0D-3630-48D8-98B3-D6FE01E7C75B}.Release|Any CPU.ActiveCfg = Release|Any CPU
		{EA166F0D-3630-48D8-98B3-D6FE01E7C75B}.Release|Any CPU.Build.0 = Release|Any CPU
		{86FDFBED-D5D7-46D3-8C35-B86E8147BB6B}.Debug|Any CPU.ActiveCfg = Debug|Any CPU
		{86FDFBED-D5D7-46D3-8C35-B86E8147BB6B}.Debug|Any CPU.Build.0 = Debug|Any CPU
		{86FDFBED-D5D7-46D3-8C35-B86E8147BB6B}.Release|Any CPU.ActiveCfg = Release|Any CPU
		{86FDFBED-D5D7-46D3-8C35-B86E8147BB6B}.Release|Any CPU.Build.0 = Release|Any CPU
	EndGlobalSection
	GlobalSection(SolutionProperties) = preSolution
		HideSolutionNode = FALSE
	EndGlobalSection
	GlobalSection(ExtensibilityGlobals) = postSolution
		SolutionGuid = {013589AC-17CA-4086-805C-2346B01F6EB6}
	EndGlobalSection
EndGlobal
